
Microsoft Visual Studio Solution File, Format Version 12.00
# Visual Studio Version 17
VisualStudioVersion = 17.9.34622.214
MinimumVisualStudioVersion = 10.0.40219.1
Project("{FAE04EC0-301F-11D3-BF4B-00C04F79EFBC}") = "TripToPetersburg", "TripToPetersburg\TripToPetersburg.csproj", "{450FA187-A119-494E-9805-D04D668053FA}"
EndProject
Global
	GlobalSection(SolutionConfigurationPlatforms) = preSolution
		Debug|Any CPU = Debug|Any CPU
		Release|Any CPU = Release|Any CPU
	EndGlobalSection
	GlobalSection(ProjectConfigurationPlatforms) = postSolution
		{450FA187-A119-494E-9805-D04D668053FA}.Debug|Any CPU.ActiveCfg = Debug|Any CPU
		{450FA187-A119-494E-9805-D04D668053FA}.Debug|Any CPU.Build.0 = Debug|Any CPU
		{450FA187-A119-494E-9805-D04D668053FA}.Release|Any CPU.ActiveCfg = Release|Any CPU
		{450FA187-A119-494E-9805-D04D668053FA}.Release|Any CPU.Build.0 = Release|Any CPU
	EndGlobalSection
	GlobalSection(SolutionProperties) = preSolution
		HideSolutionNode = FALSE
	EndGlobalSection
	GlobalSection(ExtensibilityGlobals) = postSolution
		SolutionGuid = {2FFD3255-C496-4816-890A-9FE6DFEDBE7E}
	EndGlobalSection
EndGlobal
